
Microsoft Visual Studio Solution File, Format Version 12.00
# Visual Studio 2013
VisualStudioVersion = 12.0.30501.0
MinimumVisualStudioVersion = 10.0.40219.1
Project("{FAE04EC0-301F-11D3-BF4B-00C04F79EFBC}") = "Ex03.GarageLogic", "B15 EX3 AVIADHAHAMI ID OMERWINTER ID\Ex03.GarageLogic.csproj", "{594147B4-669A-435D-89AC-FF6FE885233C}"
EndProject
Project("{FAE04EC0-301F-11D3-BF4B-00C04F79EFBC}") = "Ex03.GarageManagmentSystem.ConsoleUI", "Ex03.GarageManagmentSystem.ConsoleUI\Ex03.GarageManagmentSystem.ConsoleUI.csproj", "{D86A1A54-9726-49E1-A91D-0DA757F9D13D}"
EndProject
Global
	GlobalSection(SolutionConfigurationPlatforms) = preSolution
		Debug|Any CPU = Debug|Any CPU
		Release|Any CPU = Release|Any CPU
	EndGlobalSection
	GlobalSection(ProjectConfigurationPlatforms) = postSolution
		{594147B4-669A-435D-89AC-FF6FE885233C}.Debug|Any CPU.ActiveCfg = Debug|Any CPU
		{594147B4-669A-435D-89AC-FF6FE885233C}.Debug|Any CPU.Build.0 = Debug|Any CPU
		{594147B4-669A-435D-89AC-FF6FE885233C}.Release|Any CPU.ActiveCfg = Release|Any CPU
		{594147B4-669A-435D-89AC-FF6FE885233C}.Release|Any CPU.Build.0 = Release|Any CPU
		{D86A1A54-9726-49E1-A91D-0DA757F9D13D}.Debug|Any CPU.ActiveCfg = Debug|Any CPU
		{D86A1A54-9726-49E1-A91D-0DA757F9D13D}.Debug|Any CPU.Build.0 = Debug|Any CPU
		{D86A1A54-9726-49E1-A91D-0DA757F9D13D}.Release|Any CPU.ActiveCfg = Release|Any CPU
		{D86A1A54-9726-49E1-A91D-0DA757F9D13D}.Release|Any CPU.Build.0 = Release|Any CPU
	EndGlobalSection
	GlobalSection(SolutionProperties) = preSolution
		HideSolutionNode = FALSE
	EndGlobalSection
EndGlobal
